# THIS IS AN AUTOGENERATED FILE. DO NOT EDIT THIS FILE DIRECTLY.
# yarn lockfile v1


csv-generate@^4.2.2:
  version "4.2.2"
  resolved "https://registry.yarnpkg.com/csv-generate/-/csv-generate-4.2.2.tgz#b0ae1dca9f608fb8dfbb9df32949652d8f583ade"
  integrity sha512-Ah/NcMxHMqwQsuL173yp8EOzHrbLh8iyScqTy990b+TJZNjHhy7gs5FfSmyQ2arLC2QVrueO3DYJVQnibJB3WQ==

csv-parse@^5.3.5:
  version "5.3.5"
  resolved "https://registry.yarnpkg.com/csv-parse/-/csv-parse-5.3.5.tgz#9924bbba9f7056122f06b7af18edc1a7f022ce99"
  integrity sha512-8O5KTIRtwmtD3+EVfW6BCgbwZqJbhTYsQZry12F1TP5RUp0sD9tp1UnCWic3n0mLOhzeocYaCZNYxOGSg3dmmQ==

csv-stringify@^6.2.4:
  version "6.2.4"
  resolved "https://registry.yarnpkg.com/csv-stringify/-/csv-stringify-6.2.4.tgz#9ae7a660b771e55c09d6cf4cf936fbbdf9499962"
  integrity sha512-RVzGaBeHl0IspzOSiNr1e7XDM7ajuESlqetQbxH2pBPplIWycx0gAVclxNEa4lc91brK6LIE0PrdEoHtZYIHIQ==

csv@^6.2.7:
  version "6.2.7"
  resolved "https://registry.yarnpkg.com/csv/-/csv-6.2.7.tgz#29f09bcf5929ab3eaa71f5f74a5ed7d122c195f5"
  integrity sha512-W9rB5/QWqXg2rQcAOT7lDHfxhDavg1BEmy+WaxKRYowzK9Dq+7WHIJo/8Xvry7rtaWQTMgl0wkS/cfd1k9cQUg==
  dependencies:
    csv-generate "^4.2.2"
    csv-parse "^5.3.5"
    csv-stringify "^6.2.4"
    stream-transform "^3.2.2"

stream-transform@^3.2.2:
  version "3.2.2"
  resolved "https://registry.yarnpkg.com/stream-transform/-/stream-transform-3.2.2.tgz#3d6083d6582eddac233645fcee574fc56ebeb184"
  integrity sha512-DHZQPNxvjU2qdQlGcpitn8pkJHQVTqdshtgXaLz6Vc5VCAognbGuuwGS5ugeqGVnyw8j4h89QcV8cwm0D1+V0A==
